// !$*UTF8*$!
{
	archiveVersion = 1;
	classes = {
	};
	objectVersion = 50;
	objects = {

/* Begin PBXBuildFile section */
		8DEBCC8823967CD600D4B395 /* zen_md5.cpp in Sources */ = {isa = PBXBuildFile; fileRef = 8DEBCC6823967CD600D4B395 /* zen_md5.cpp */; };
		8DEBCC8923967CD600D4B395 /* zen_urlcoding.cpp in Sources */ = {isa = PBXBuildFile; fileRef = 8DEBCC6923967CD600D4B395 /* zen_urlcoding.cpp */; };
		8DEBCC8A23967CD600D4B395 /* zen_csv.cpp in Sources */ = {isa = PBXBuildFile; fileRef = 8DEBCC6B23967CD600D4B395 /* zen_csv.cpp */; };
		8DEBCC8B23967CD600D4B395 /* zen_base64.cpp in Sources */ = {isa = PBXBuildFile; fileRef = 8DEBCC6C23967CD600D4B395 /* zen_base64.cpp */; };
		8DEBCC8C23967CD600D4B395 /* zen_poll.cpp in Sources */ = {isa = PBXBuildFile; fileRef = 8DEBCC8323967CD600D4B395 /* zen_poll.cpp */; };
		8DEBCC8D23967CD600D4B395 /* zen_socket.cpp in Sources */ = {isa = PBXBuildFile; fileRef = 8DEBCC8523967CD600D4B395 /* zen_socket.cpp */; };
		8DEBCC8E23967CD600D4B395 /* zen_ip.cpp in Sources */ = {isa = PBXBuildFile; fileRef = 8DEBCC8623967CD600D4B395 /* zen_ip.cpp */; };
		8DEBCC902396B94200D4B395 /* main.cpp in Sources */ = {isa = PBXBuildFile; fileRef = 8DEBCC8F2396B94200D4B395 /* main.cpp */; };
/* End PBXBuildFile section */

/* Begin PBXCopyFilesBuildPhase section */
		8DEBCC5323967CBD00D4B395 /* CopyFiles */ = {
			isa = PBXCopyFilesBuildPhase;
			buildActionMask = 2147483647;
			dstPath = /usr/share/man/man1/;
			dstSubfolderSpec = 0;
			files = (
			);
			runOnlyForDeploymentPostprocessing = 1;
		};
/* End PBXCopyFilesBuildPhase section */

/* Begin PBXFileReference section */
		8DEBCC5523967CBD00D4B395 /* zena_client */ = {isa = PBXFileReference; explicitFileType = "compiled.mach-o.executable"; includeInIndex = 0; path = zena_client; sourceTree = BUILT_PRODUCTS_DIR; };
		8DEBCC6023967CD600D4B395 /* zen_utf8.h */ = {isa = PBXFileReference; fileEncoding = 4; lastKnownFileType = sourcecode.c.h; path = zen_utf8.h; sourceTree = "<group>"; };
		8DEBCC6123967CD600D4B395 /* zen_base64.h */ = {isa = PBXFileReference; fileEncoding = 4; lastKnownFileType = sourcecode.c.h; path = zen_base64.h; sourceTree = "<group>"; };
		8DEBCC6223967CD600D4B395 /* zen_urlcoding.h */ = {isa = PBXFileReference; fileEncoding = 4; lastKnownFileType = sourcecode.c.h; path = zen_urlcoding.h; sourceTree = "<group>"; };
		8DEBCC6323967CD600D4B395 /* zen_cast.h */ = {isa = PBXFileReference; fileEncoding = 4; lastKnownFileType = sourcecode.c.h; path = zen_cast.h; sourceTree = "<group>"; };
		8DEBCC6423967CD600D4B395 /* zen_localization.h */ = {isa = PBXFileReference; fileEncoding = 4; lastKnownFileType = sourcecode.c.h; path = zen_localization.h; sourceTree = "<group>"; };
		8DEBCC6523967CD600D4B395 /* zen_csv.h */ = {isa = PBXFileReference; fileEncoding = 4; lastKnownFileType = sourcecode.c.h; path = zen_csv.h; sourceTree = "<group>"; };
		8DEBCC6623967CD600D4B395 /* zen_buffer.h */ = {isa = PBXFileReference; fileEncoding = 4; lastKnownFileType = sourcecode.c.h; path = zen_buffer.h; sourceTree = "<group>"; };
		8DEBCC6723967CD600D4B395 /* zen_file.h */ = {isa = PBXFileReference; fileEncoding = 4; lastKnownFileType = sourcecode.c.h; path = zen_file.h; sourceTree = "<group>"; };
		8DEBCC6823967CD600D4B395 /* zen_md5.cpp */ = {isa = PBXFileReference; fileEncoding = 4; lastKnownFileType = sourcecode.cpp.cpp; path = zen_md5.cpp; sourceTree = "<group>"; };
		8DEBCC6923967CD600D4B395 /* zen_urlcoding.cpp */ = {isa = PBXFileReference; fileEncoding = 4; lastKnownFileType = sourcecode.cpp.cpp; path = zen_urlcoding.cpp; sourceTree = "<group>"; };
		8DEBCC6A23967CD600D4B395 /* zen_md5.h */ = {isa = PBXFileReference; fileEncoding = 4; lastKnownFileType = sourcecode.c.h; path = zen_md5.h; sourceTree = "<group>"; };
		8DEBCC6B23967CD600D4B395 /* zen_csv.cpp */ = {isa = PBXFileReference; fileEncoding = 4; lastKnownFileType = sourcecode.cpp.cpp; path = zen_csv.cpp; sourceTree = "<group>"; };
		8DEBCC6C23967CD600D4B395 /* zen_base64.cpp */ = {isa = PBXFileReference; fileEncoding = 4; lastKnownFileType = sourcecode.cpp.cpp; path = zen_base64.cpp; sourceTree = "<group>"; };
		8DEBCC6E23967CD600D4B395 /* zen_meta.h */ = {isa = PBXFileReference; fileEncoding = 4; lastKnownFileType = sourcecode.c.h; path = zen_meta.h; sourceTree = "<group>"; };
		8DEBCC6F23967CD600D4B395 /* zen_log.h */ = {isa = PBXFileReference; fileEncoding = 4; lastKnownFileType = sourcecode.c.h; path = zen_log.h; sourceTree = "<group>"; };
		8DEBCC7023967CD600D4B395 /* zen_endian.h */ = {isa = PBXFileReference; fileEncoding = 4; lastKnownFileType = sourcecode.c.h; path = zen_endian.h; sourceTree = "<group>"; };
		8DEBCC7123967CD600D4B395 /* zen-int.h */ = {isa = PBXFileReference; fileEncoding = 4; lastKnownFileType = sourcecode.c.h; path = "zen-int.h"; sourceTree = "<group>"; };
		8DEBCC7223967CD600D4B395 /* zen_object.h */ = {isa = PBXFileReference; fileEncoding = 4; lastKnownFileType = sourcecode.c.h; path = zen_object.h; sourceTree = "<group>"; };
		8DEBCC7323967CD600D4B395 /* zen_os.h */ = {isa = PBXFileReference; fileEncoding = 4; lastKnownFileType = sourcecode.c.h; path = zen_os.h; sourceTree = "<group>"; };
		8DEBCC7423967CD600D4B395 /* zen_exception.h */ = {isa = PBXFileReference; fileEncoding = 4; lastKnownFileType = sourcecode.c.h; path = zen_exception.h; sourceTree = "<group>"; };
		8DEBCC7623967CD600D4B395 /* zen_fraction.h */ = {isa = PBXFileReference; fileEncoding = 4; lastKnownFileType = sourcecode.c.h; path = zen_fraction.h; sourceTree = "<group>"; };
		8DEBCC7723967CD600D4B395 /* zen_matrix.h */ = {isa = PBXFileReference; fileEncoding = 4; lastKnownFileType = sourcecode.c.h; path = zen_matrix.h; sourceTree = "<group>"; };
		8DEBCC7823967CD600D4B395 /* zen_bezier.h */ = {isa = PBXFileReference; fileEncoding = 4; lastKnownFileType = sourcecode.c.h; path = zen_bezier.h; sourceTree = "<group>"; };
		8DEBCC7923967CD600D4B395 /* zen_numerical.h */ = {isa = PBXFileReference; fileEncoding = 4; lastKnownFileType = sourcecode.c.h; path = zen_numerical.h; sourceTree = "<group>"; };
		8DEBCC7A23967CD600D4B395 /* zen_quaternion.h */ = {isa = PBXFileReference; fileEncoding = 4; lastKnownFileType = sourcecode.c.h; path = zen_quaternion.h; sourceTree = "<group>"; };
		8DEBCC7B23967CD600D4B395 /* zen_ticker.h */ = {isa = PBXFileReference; fileEncoding = 4; lastKnownFileType = sourcecode.c.h; path = zen_ticker.h; sourceTree = "<group>"; };
		8DEBCC7C23967CD600D4B395 /* zen_random.h */ = {isa = PBXFileReference; fileEncoding = 4; lastKnownFileType = sourcecode.c.h; path = zen_random.h; sourceTree = "<group>"; };
		8DEBCC7D23967CD600D4B395 /* zen_vector.h */ = {isa = PBXFileReference; fileEncoding = 4; lastKnownFileType = sourcecode.c.h; path = zen_vector.h; sourceTree = "<group>"; };
		8DEBCC7F23967CD600D4B395 /* zen_atom_queue.h */ = {isa = PBXFileReference; fileEncoding = 4; lastKnownFileType = sourcecode.c.h; path = zen_atom_queue.h; sourceTree = "<group>"; };
		8DEBCC8023967CD600D4B395 /* zen_poll.h */ = {isa = PBXFileReference; fileEncoding = 4; lastKnownFileType = sourcecode.c.h; path = zen_poll.h; sourceTree = "<group>"; };
		8DEBCC8123967CD600D4B395 /* zen_ip.h */ = {isa = PBXFileReference; fileEncoding = 4; lastKnownFileType = sourcecode.c.h; path = zen_ip.h; sourceTree = "<group>"; };
		8DEBCC8223967CD600D4B395 /* zen_net_define.h */ = {isa = PBXFileReference; fileEncoding = 4; lastKnownFileType = sourcecode.c.h; path = zen_net_define.h; sourceTree = "<group>"; };
		8DEBCC8323967CD600D4B395 /* zen_poll.cpp */ = {isa = PBXFileReference; fileEncoding = 4; lastKnownFileType = sourcecode.cpp.cpp; path = zen_poll.cpp; sourceTree = "<group>"; };
		8DEBCC8423967CD600D4B395 /* zen_net.h */ = {isa = PBXFileReference; fileEncoding = 4; lastKnownFileType = sourcecode.c.h; path = zen_net.h; sourceTree = "<group>"; };
		8DEBCC8523967CD600D4B395 /* zen_socket.cpp */ = {isa = PBXFileReference; fileEncoding = 4; lastKnownFileType = sourcecode.cpp.cpp; path = zen_socket.cpp; sourceTree = "<group>"; };
		8DEBCC8623967CD600D4B395 /* zen_ip.cpp */ = {isa = PBXFileReference; fileEncoding = 4; lastKnownFileType = sourcecode.cpp.cpp; path = zen_ip.cpp; sourceTree = "<group>"; };
		8DEBCC8723967CD600D4B395 /* zen_socket.h */ = {isa = PBXFileReference; fileEncoding = 4; lastKnownFileType = sourcecode.c.h; path = zen_socket.h; sourceTree = "<group>"; };
		8DEBCC8F2396B94200D4B395 /* main.cpp */ = {isa = PBXFileReference; fileEncoding = 4; lastKnownFileType = sourcecode.cpp.cpp; path = main.cpp; sourceTree = "<group>"; };
/* End PBXFileReference section */

/* Begin PBXFrameworksBuildPhase section */
		8DEBCC5223967CBD00D4B395 /* Frameworks */ = {
			isa = PBXFrameworksBuildPhase;
			buildActionMask = 2147483647;
			files = (
			);
			runOnlyForDeploymentPostprocessing = 0;
		};
/* End PBXFrameworksBuildPhase section */

/* Begin PBXGroup section */
		8DEBCC4C23967CBD00D4B395 = {
			isa = PBXGroup;
			children = (
				8DEBCC6D23967CD600D4B395 /* zen-cpp */,
				8DEBCC7523967CD600D4B395 /* zen-math */,
				8DEBCC7E23967CD600D4B395 /* zen-net */,
				8DEBCC5F23967CD600D4B395 /* zen-string */,
				8DEBCC5723967CBD00D4B395 /* zena_client */,
				8DEBCC5623967CBD00D4B395 /* Products */,
			);
			sourceTree = "<group>";
		};
		8DEBCC5623967CBD00D4B395 /* Products */ = {
			isa = PBXGroup;
			children = (
				8DEBCC5523967CBD00D4B395 /* zena_client */,
			);
			name = Products;
			sourceTree = "<group>";
		};
		8DEBCC5723967CBD00D4B395 /* zena_client */ = {
			isa = PBXGroup;
			children = (
				8DEBCC8F2396B94200D4B395 /* main.cpp */,
			);
			path = zena_client;
			sourceTree = "<group>";
		};
		8DEBCC5F23967CD600D4B395 /* zen-string */ = {
			isa = PBXGroup;
			children = (
				8DEBCC6023967CD600D4B395 /* zen_utf8.h */,
				8DEBCC6123967CD600D4B395 /* zen_base64.h */,
				8DEBCC6223967CD600D4B395 /* zen_urlcoding.h */,
				8DEBCC6323967CD600D4B395 /* zen_cast.h */,
				8DEBCC6423967CD600D4B395 /* zen_localization.h */,
				8DEBCC6523967CD600D4B395 /* zen_csv.h */,
				8DEBCC6623967CD600D4B395 /* zen_buffer.h */,
				8DEBCC6723967CD600D4B395 /* zen_file.h */,
				8DEBCC6823967CD600D4B395 /* zen_md5.cpp */,
				8DEBCC6923967CD600D4B395 /* zen_urlcoding.cpp */,
				8DEBCC6A23967CD600D4B395 /* zen_md5.h */,
				8DEBCC6B23967CD600D4B395 /* zen_csv.cpp */,
				8DEBCC6C23967CD600D4B395 /* zen_base64.cpp */,
			);
			name = "zen-string";
			path = "../../zen-string";
			sourceTree = "<group>";
		};
		8DEBCC6D23967CD600D4B395 /* zen-cpp */ = {
			isa = PBXGroup;
			children = (
				8DEBCC6E23967CD600D4B395 /* zen_meta.h */,
				8DEBCC6F23967CD600D4B395 /* zen_log.h */,
				8DEBCC7023967CD600D4B395 /* zen_endian.h */,
				8DEBCC7123967CD600D4B395 /* zen-int.h */,
				8DEBCC7223967CD600D4B395 /* zen_object.h */,
				8DEBCC7323967CD600D4B395 /* zen_os.h */,
				8DEBCC7423967CD600D4B395 /* zen_exception.h */,
			);
			name = "zen-cpp";
			path = "../../zen-cpp";
			sourceTree = "<group>";
		};
		8DEBCC7523967CD600D4B395 /* zen-math */ = {
			isa = PBXGroup;
			children = (
				8DEBCC7623967CD600D4B395 /* zen_fraction.h */,
				8DEBCC7723967CD600D4B395 /* zen_matrix.h */,
				8DEBCC7823967CD600D4B395 /* zen_bezier.h */,
				8DEBCC7923967CD600D4B395 /* zen_numerical.h */,
				8DEBCC7A23967CD600D4B395 /* zen_quaternion.h */,
				8DEBCC7B23967CD600D4B395 /* zen_ticker.h */,
				8DEBCC7C23967CD600D4B395 /* zen_random.h */,
				8DEBCC7D23967CD600D4B395 /* zen_vector.h */,
			);
			name = "zen-math";
			path = "../../zen-math";
			sourceTree = "<group>";
		};
		8DEBCC7E23967CD600D4B395 /* zen-net */ = {
			isa = PBXGroup;
			children = (
				8DEBCC7F23967CD600D4B395 /* zen_atom_queue.h */,
				8DEBCC8023967CD600D4B395 /* zen_poll.h */,
				8DEBCC8123967CD600D4B395 /* zen_ip.h */,
				8DEBCC8223967CD600D4B395 /* zen_net_define.h */,
				8DEBCC8323967CD600D4B395 /* zen_poll.cpp */,
				8DEBCC8423967CD600D4B395 /* zen_net.h */,
				8DEBCC8523967CD600D4B395 /* zen_socket.cpp */,
				8DEBCC8623967CD600D4B395 /* zen_ip.cpp */,
				8DEBCC8723967CD600D4B395 /* zen_socket.h */,
			);
			name = "zen-net";
			path = "../../zen-net";
			sourceTree = "<group>";
		};
/* End PBXGroup section */

/* Begin PBXNativeTarget section */
		8DEBCC5423967CBD00D4B395 /* zena_client */ = {
			isa = PBXNativeTarget;
			buildConfigurationList = 8DEBCC5C23967CBD00D4B395 /* Build configuration list for PBXNativeTarget "zena_client" */;
			buildPhases = (
				8DEBCC5123967CBD00D4B395 /* Sources */,
				8DEBCC5223967CBD00D4B395 /* Frameworks */,
				8DEBCC5323967CBD00D4B395 /* CopyFiles */,
			);
			buildRules = (
			);
			dependencies = (
			);
			name = zena_client;
			productName = zena_client;
			productReference = 8DEBCC5523967CBD00D4B395 /* zena_client */;
			productType = "com.apple.product-type.tool";
		};
/* End PBXNativeTarget section */

/* Begin PBXProject section */
		8DEBCC4D23967CBD00D4B395 /* Project object */ = {
			isa = PBXProject;
			attributes = {
				LastUpgradeCheck = 1120;
				ORGANIZATIONNAME = lover;
				TargetAttributes = {
					8DEBCC5423967CBD00D4B395 = {
						CreatedOnToolsVersion = 11.2.1;
					};
				};
			};
			buildConfigurationList = 8DEBCC5023967CBD00D4B395 /* Build configuration list for PBXProject "zena_client" */;
			compatibilityVersion = "Xcode 9.3";
			developmentRegion = en;
			hasScannedForEncodings = 0;
			knownRegions = (
				en,
				Base,
			);
			mainGroup = 8DEBCC4C23967CBD00D4B395;
			productRefGroup = 8DEBCC5623967CBD00D4B395 /* Products */;
			projectDirPath = "";
			projectRoot = "";
			targets = (
				8DEBCC5423967CBD00D4B395 /* zena_client */,
			);
		};
/* End PBXProject section */

/* Begin PBXSourcesBuildPhase section */
		8DEBCC5123967CBD00D4B395 /* Sources */ = {
			isa = PBXSourcesBuildPhase;
			buildActionMask = 2147483647;
			files = (
				8DEBCC8E23967CD600D4B395 /* zen_ip.cpp in Sources */,
				8DEBCC8D23967CD600D4B395 /* zen_socket.cpp in Sources */,
				8DEBCC8A23967CD600D4B395 /* zen_csv.cpp in Sources */,
				8DEBCC8823967CD600D4B395 /* zen_md5.cpp in Sources */,
				8DEBCC8923967CD600D4B395 /* zen_urlcoding.cpp in Sources */,
				8DEBCC8C23967CD600D4B395 /* zen_poll.cpp in Sources */,
				8DEBCC902396B94200D4B395 /* main.cpp in Sources */,
				8DEBCC8B23967CD600D4B395 /* zen_base64.cpp in Sources */,
			);
			runOnlyForDeploymentPostprocessing = 0;
		};
/* End PBXSourcesBuildPhase section */

/* Begin XCBuildConfiguration section */
		8DEBCC5A23967CBD00D4B395 /* Debug */ = {
			isa = XCBuildConfiguration;
			buildSettings = {
				ALWAYS_SEARCH_USER_PATHS = NO;
				CLANG_ANALYZER_NONNULL = YES;
				CLANG_ANALYZER_NUMBER_OBJECT_CONVERSION = YES_AGGRESSIVE;
				CLANG_CXX_LANGUAGE_STANDARD = "gnu++14";
				CLANG_CXX_LIBRARY = "libc++";
				CLANG_ENABLE_MODULES = YES;
				CLANG_ENABLE_OBJC_ARC = YES;
				CLANG_ENABLE_OBJC_WEAK = YES;
				CLANG_WARN_BLOCK_CAPTURE_AUTORELEASING = YES;
				CLANG_WARN_BOOL_CONVERSION = YES;
				CLANG_WARN_COMMA = YES;
				CLANG_WARN_CONSTANT_CONVERSION = YES;
				CLANG_WARN_DEPRECATED_OBJC_IMPLEMENTATIONS = YES;
				CLANG_WARN_DIRECT_OBJC_ISA_USAGE = YES_ERROR;
				CLANG_WARN_DOCUMENTATION_COMMENTS = YES;
				CLANG_WARN_EMPTY_BODY = YES;
				CLANG_WARN_ENUM_CONVERSION = YES;
				CLANG_WARN_INFINITE_RECURSION = YES;
				CLANG_WARN_INT_CONVERSION = YES;
				CLANG_WARN_NON_LITERAL_NULL_CONVERSION = YES;
				CLANG_WARN_OBJC_IMPLICIT_RETAIN_SELF = YES;
				CLANG_WARN_OBJC_LITERAL_CONVERSION = YES;
				CLANG_WARN_OBJC_ROOT_CLASS = YES_ERROR;
				CLANG_WARN_RANGE_LOOP_ANALYSIS = YES;
				CLANG_WARN_STRICT_PROTOTYPES = YES;
				CLANG_WARN_SUSPICIOUS_MOVE = YES;
				CLANG_WARN_UNGUARDED_AVAILABILITY = YES_AGGRESSIVE;
				CLANG_WARN_UNREACHABLE_CODE = YES;
				CLANG_WARN__DUPLICATE_METHOD_MATCH = YES;
				COPY_PHASE_STRIP = NO;
				DEBUG_INFORMATION_FORMAT = dwarf;
				ENABLE_STRICT_OBJC_MSGSEND = YES;
				ENABLE_TESTABILITY = YES;
				GCC_C_LANGUAGE_STANDARD = gnu11;
				GCC_DYNAMIC_NO_PIC = NO;
				GCC_NO_COMMON_BLOCKS = YES;
				GCC_OPTIMIZATION_LEVEL = 0;
				GCC_PREPROCESSOR_DEFINITIONS = (
					"DEBUG=1",
					"$(inherited)",
				);
				GCC_WARN_64_TO_32_BIT_CONVERSION = YES;
				GCC_WARN_ABOUT_RETURN_TYPE = YES_ERROR;
				GCC_WARN_UNDECLARED_SELECTOR = YES;
				GCC_WARN_UNINITIALIZED_AUTOS = YES_AGGRESSIVE;
				GCC_WARN_UNUSED_FUNCTION = YES;
				GCC_WARN_UNUSED_VARIABLE = YES;
				MACOSX_DEPLOYMENT_TARGET = 10.15;
				MTL_ENABLE_DEBUG_INFO = INCLUDE_SOURCE;
				MTL_FAST_MATH = YES;
				ONLY_ACTIVE_ARCH = YES;
				SDKROOT = macosx;
			};
			name = Debug;
		};
		8DEBCC5B23967CBD00D4B395 /* Release */ = {
			isa = XCBuildConfiguration;
			buildSettings = {
				ALWAYS_SEARCH_USER_PATHS = NO;
				CLANG_ANALYZER_NONNULL = YES;
				CLANG_ANALYZER_NUMBER_OBJECT_CONVERSION = YES_AGGRESSIVE;
				CLANG_CXX_LANGUAGE_STANDARD = "gnu++14";
				CLANG_CXX_LIBRARY = "libc++";
				CLANG_ENABLE_MODULES = YES;
				CLANG_ENABLE_OBJC_ARC = YES;
				CLANG_ENABLE_OBJC_WEAK = YES;
				CLANG_WARN_BLOCK_CAPTURE_AUTORELEASING = YES;
				CLANG_WARN_BOOL_CONVERSION = YES;
				CLANG_WARN_COMMA = YES;
				CLANG_WARN_CONSTANT_CONVERSION = YES;
				CLANG_WARN_DEPRECATED_OBJC_IMPLEMENTATIONS = YES;
				CLANG_WARN_DIRECT_OBJC_ISA_USAGE = YES_ERROR;
				CLANG_WARN_DOCUMENTATION_COMMENTS = YES;
				CLANG_WARN_EMPTY_BODY = YES;
				CLANG_WARN_ENUM_CONVERSION = YES;
				CLANG_WARN_INFINITE_RECURSION = YES;
				CLANG_WARN_INT_CONVERSION = YES;
				CLANG_WARN_NON_LITERAL_NULL_CONVERSION = YES;
				CLANG_WARN_OBJC_IMPLICIT_RETAIN_SELF = YES;
				CLANG_WARN_OBJC_LITERAL_CONVERSION = YES;
				CLANG_WARN_OBJC_ROOT_CLASS = YES_ERROR;
				CLANG_WARN_RANGE_LOOP_ANALYSIS = YES;
				CLANG_WARN_STRICT_PROTOTYPES = YES;
				CLANG_WARN_SUSPICIOUS_MOVE = YES;
				CLANG_WARN_UNGUARDED_AVAILABILITY = YES_AGGRESSIVE;
				CLANG_WARN_UNREACHABLE_CODE = YES;
				CLANG_WARN__DUPLICATE_METHOD_MATCH = YES;
				COPY_PHASE_STRIP = NO;
				DEBUG_INFORMATION_FORMAT = "dwarf-with-dsym";
				ENABLE_NS_ASSERTIONS = NO;
				ENABLE_STRICT_OBJC_MSGSEND = YES;
				GCC_C_LANGUAGE_STANDARD = gnu11;
				GCC_NO_COMMON_BLOCKS = YES;
				GCC_WARN_64_TO_32_BIT_CONVERSION = YES;
				GCC_WARN_ABOUT_RETURN_TYPE = YES_ERROR;
				GCC_WARN_UNDECLARED_SELECTOR = YES;
				GCC_WARN_UNINITIALIZED_AUTOS = YES_AGGRESSIVE;
				GCC_WARN_UNUSED_FUNCTION = YES;
				GCC_WARN_UNUSED_VARIABLE = YES;
				MACOSX_DEPLOYMENT_TARGET = 10.15;
				MTL_ENABLE_DEBUG_INFO = NO;
				MTL_FAST_MATH = YES;
				SDKROOT = macosx;
			};
			name = Release;
		};
		8DEBCC5D23967CBD00D4B395 /* Debug */ = {
			isa = XCBuildConfiguration;
			buildSettings = {
				CODE_SIGN_STYLE = Automatic;
				PRODUCT_NAME = "$(TARGET_NAME)";
			};
			name = Debug;
		};
		8DEBCC5E23967CBD00D4B395 /* Release */ = {
			isa = XCBuildConfiguration;
			buildSettings = {
				CODE_SIGN_STYLE = Automatic;
				PRODUCT_NAME = "$(TARGET_NAME)";
			};
			name = Release;
		};
/* End XCBuildConfiguration section */

/* Begin XCConfigurationList section */
		8DEBCC5023967CBD00D4B395 /* Build configuration list for PBXProject "zena_client" */ = {
			isa = XCConfigurationList;
			buildConfigurations = (
				8DEBCC5A23967CBD00D4B395 /* Debug */,
				8DEBCC5B23967CBD00D4B395 /* Release */,
			);
			defaultConfigurationIsVisible = 0;
			defaultConfigurationName = Release;
		};
		8DEBCC5C23967CBD00D4B395 /* Build configuration list for PBXNativeTarget "zena_client" */ = {
			isa = XCConfigurationList;
			buildConfigurations = (
				8DEBCC5D23967CBD00D4B395 /* Debug */,
				8DEBCC5E23967CBD00D4B395 /* Release */,
			);
			defaultConfigurationIsVisible = 0;
			defaultConfigurationName = Release;
		};
/* End XCConfigurationList section */
	};
	rootObject = 8DEBCC4D23967CBD00D4B395 /* Project object */;
}
