// !$*UTF8*$!
{
	archiveVersion = 1;
	classes = {
	};
	objectVersion = 50;
	objects = {

/* Begin PBXBuildFile section */
		8D19866C2392366400515178 /* png.a in Frameworks */ = {isa = PBXBuildFile; fileRef = 8D19866A2392366400515178 /* png.a */; };
		8D19866D2392366400515178 /* jpeg.a in Frameworks */ = {isa = PBXBuildFile; fileRef = 8D19866B2392366400515178 /* jpeg.a */; };
		8D198788239236BA00515178 /* zen_system.mm in Sources */ = {isa = PBXBuildFile; fileRef = 8D198674239236B900515178 /* zen_system.mm */; };
		8D19879E239236BA00515178 /* zen_image_raw.cpp in Sources */ = {isa = PBXBuildFile; fileRef = 8D19876E239236BA00515178 /* zen_image_raw.cpp */; };
		8D19879F239236BA00515178 /* zen_md5.cpp in Sources */ = {isa = PBXBuildFile; fileRef = 8D198782239236BA00515178 /* zen_md5.cpp */; };
		8D1987A0239236BA00515178 /* zen_urlcoding.cpp in Sources */ = {isa = PBXBuildFile; fileRef = 8D198783239236BA00515178 /* zen_urlcoding.cpp */; };
		8D1987A1239236BA00515178 /* zen_csv.cpp in Sources */ = {isa = PBXBuildFile; fileRef = 8D198785239236BA00515178 /* zen_csv.cpp */; };
		8D1987A2239236BA00515178 /* zen_base64.cpp in Sources */ = {isa = PBXBuildFile; fileRef = 8D198786239236BA00515178 /* zen_base64.cpp */; };
		8D1987B52392379B00515178 /* libz.tbd in Frameworks */ = {isa = PBXBuildFile; fileRef = 8D1987B42392379B00515178 /* libz.tbd */; };
		8D5266842393E234006145A5 /* zen_image_png.cpp in Sources */ = {isa = PBXBuildFile; fileRef = 8D52667E2393E234006145A5 /* zen_image_png.cpp */; };
		8D5266852393E234006145A5 /* zen_image_jpg.cpp in Sources */ = {isa = PBXBuildFile; fileRef = 8D5266822393E234006145A5 /* zen_image_jpg.cpp */; };
		8D8BC13B2391497C00B1DCD6 /* main.mm in Sources */ = {isa = PBXBuildFile; fileRef = 8D8BC13A2391497C00B1DCD6 /* main.mm */; };
		8DEBCC0523964C6C00D4B395 /* zen_poll.cpp in Sources */ = {isa = PBXBuildFile; fileRef = 8DEBCC0023964C6C00D4B395 /* zen_poll.cpp */; };
		8DEBCC0623964C6C00D4B395 /* zen_socket.cpp in Sources */ = {isa = PBXBuildFile; fileRef = 8DEBCC0223964C6C00D4B395 /* zen_socket.cpp */; };
/* End PBXBuildFile section */

/* Begin PBXCopyFilesBuildPhase section */
		8D8BC1352391497C00B1DCD6 /* CopyFiles */ = {
			isa = PBXCopyFilesBuildPhase;
			buildActionMask = 2147483647;
			dstPath = /usr/share/man/man1/;
			dstSubfolderSpec = 0;
			files = (
			);
			runOnlyForDeploymentPostprocessing = 1;
		};
		8DEBCBFA2394CEB100D4B395 /* Embed Libraries */ = {
			isa = PBXCopyFilesBuildPhase;
			buildActionMask = 2147483647;
			dstPath = "";
			dstSubfolderSpec = 10;
			files = (
			);
			name = "Embed Libraries";
			runOnlyForDeploymentPostprocessing = 0;
		};
/* End PBXCopyFilesBuildPhase section */

/* Begin PBXFileReference section */
		8D19866A2392366400515178 /* png.a */ = {isa = PBXFileReference; lastKnownFileType = archive.ar; name = png.a; path = "../../../../sources/mac-library/lib/png.a"; sourceTree = "<group>"; };
		8D19866B2392366400515178 /* jpeg.a */ = {isa = PBXFileReference; lastKnownFileType = archive.ar; name = jpeg.a; path = "../../../../sources/mac-library/lib/jpeg.a"; sourceTree = "<group>"; };
		8D198674239236B900515178 /* zen_system.mm */ = {isa = PBXFileReference; fileEncoding = 4; lastKnownFileType = sourcecode.cpp.objcpp; path = zen_system.mm; sourceTree = "<group>"; };
		8D198752239236BA00515178 /* zen_system.h */ = {isa = PBXFileReference; fileEncoding = 4; lastKnownFileType = sourcecode.c.h; path = zen_system.h; sourceTree = "<group>"; };
		8D198754239236BA00515178 /* zen_fraction.h */ = {isa = PBXFileReference; fileEncoding = 4; lastKnownFileType = sourcecode.c.h; path = zen_fraction.h; sourceTree = "<group>"; };
		8D198755239236BA00515178 /* zen_matrix.h */ = {isa = PBXFileReference; fileEncoding = 4; lastKnownFileType = sourcecode.c.h; path = zen_matrix.h; sourceTree = "<group>"; };
		8D198757239236BA00515178 /* zen_bezier.h */ = {isa = PBXFileReference; fileEncoding = 4; lastKnownFileType = sourcecode.c.h; path = zen_bezier.h; sourceTree = "<group>"; };
		8D198758239236BA00515178 /* zen_numerical.h */ = {isa = PBXFileReference; fileEncoding = 4; lastKnownFileType = sourcecode.c.h; path = zen_numerical.h; sourceTree = "<group>"; };
		8D198759239236BA00515178 /* zen_quaternion.h */ = {isa = PBXFileReference; fileEncoding = 4; lastKnownFileType = sourcecode.c.h; path = zen_quaternion.h; sourceTree = "<group>"; };
		8D19875A239236BA00515178 /* zen_random.h */ = {isa = PBXFileReference; fileEncoding = 4; lastKnownFileType = sourcecode.c.h; path = zen_random.h; sourceTree = "<group>"; };
		8D19875B239236BA00515178 /* zen_vector.h */ = {isa = PBXFileReference; fileEncoding = 4; lastKnownFileType = sourcecode.c.h; path = zen_vector.h; sourceTree = "<group>"; };
		8D198767239236BA00515178 /* zen_image.h */ = {isa = PBXFileReference; fileEncoding = 4; lastKnownFileType = sourcecode.c.h; path = zen_image.h; sourceTree = "<group>"; };
		8D19876D239236BA00515178 /* zen_color.h */ = {isa = PBXFileReference; fileEncoding = 4; lastKnownFileType = sourcecode.c.h; path = zen_color.h; sourceTree = "<group>"; };
		8D19876E239236BA00515178 /* zen_image_raw.cpp */ = {isa = PBXFileReference; fileEncoding = 4; lastKnownFileType = sourcecode.cpp.cpp; path = zen_image_raw.cpp; sourceTree = "<group>"; };
		8D19876F239236BA00515178 /* README.txt */ = {isa = PBXFileReference; fileEncoding = 4; lastKnownFileType = text; path = README.txt; sourceTree = "<group>"; };
		8D198770239236BA00515178 /* zen_image_raw.h */ = {isa = PBXFileReference; fileEncoding = 4; lastKnownFileType = sourcecode.c.h; path = zen_image_raw.h; sourceTree = "<group>"; };
		8D19877A239236BA00515178 /* zen_utf8.h */ = {isa = PBXFileReference; fileEncoding = 4; lastKnownFileType = sourcecode.c.h; path = zen_utf8.h; sourceTree = "<group>"; };
		8D19877B239236BA00515178 /* zen_base64.h */ = {isa = PBXFileReference; fileEncoding = 4; lastKnownFileType = sourcecode.c.h; path = zen_base64.h; sourceTree = "<group>"; };
		8D19877C239236BA00515178 /* zen_urlcoding.h */ = {isa = PBXFileReference; fileEncoding = 4; lastKnownFileType = sourcecode.c.h; path = zen_urlcoding.h; sourceTree = "<group>"; };
		8D19877D239236BA00515178 /* zen_cast.h */ = {isa = PBXFileReference; fileEncoding = 4; lastKnownFileType = sourcecode.c.h; path = zen_cast.h; sourceTree = "<group>"; };
		8D19877E239236BA00515178 /* zen_localization.h */ = {isa = PBXFileReference; fileEncoding = 4; lastKnownFileType = sourcecode.c.h; path = zen_localization.h; sourceTree = "<group>"; };
		8D19877F239236BA00515178 /* zen_csv.h */ = {isa = PBXFileReference; fileEncoding = 4; lastKnownFileType = sourcecode.c.h; path = zen_csv.h; sourceTree = "<group>"; };
		8D198780239236BA00515178 /* zen_buffer.h */ = {isa = PBXFileReference; fileEncoding = 4; lastKnownFileType = sourcecode.c.h; path = zen_buffer.h; sourceTree = "<group>"; };
		8D198781239236BA00515178 /* zen_file.h */ = {isa = PBXFileReference; fileEncoding = 4; lastKnownFileType = sourcecode.c.h; path = zen_file.h; sourceTree = "<group>"; };
		8D198782239236BA00515178 /* zen_md5.cpp */ = {isa = PBXFileReference; fileEncoding = 4; lastKnownFileType = sourcecode.cpp.cpp; path = zen_md5.cpp; sourceTree = "<group>"; };
		8D198783239236BA00515178 /* zen_urlcoding.cpp */ = {isa = PBXFileReference; fileEncoding = 4; lastKnownFileType = sourcecode.cpp.cpp; path = zen_urlcoding.cpp; sourceTree = "<group>"; };
		8D198784239236BA00515178 /* zen_md5.h */ = {isa = PBXFileReference; fileEncoding = 4; lastKnownFileType = sourcecode.c.h; path = zen_md5.h; sourceTree = "<group>"; };
		8D198785239236BA00515178 /* zen_csv.cpp */ = {isa = PBXFileReference; fileEncoding = 4; lastKnownFileType = sourcecode.cpp.cpp; path = zen_csv.cpp; sourceTree = "<group>"; };
		8D198786239236BA00515178 /* zen_base64.cpp */ = {isa = PBXFileReference; fileEncoding = 4; lastKnownFileType = sourcecode.cpp.cpp; path = zen_base64.cpp; sourceTree = "<group>"; };
		8D1987B42392379B00515178 /* libz.tbd */ = {isa = PBXFileReference; lastKnownFileType = "sourcecode.text-based-dylib-definition"; name = libz.tbd; path = usr/lib/libz.tbd; sourceTree = SDKROOT; };
		8D52667D2393E234006145A5 /* zen_image_png.h */ = {isa = PBXFileReference; fileEncoding = 4; lastKnownFileType = sourcecode.c.h; path = zen_image_png.h; sourceTree = "<group>"; };
		8D52667E2393E234006145A5 /* zen_image_png.cpp */ = {isa = PBXFileReference; fileEncoding = 4; lastKnownFileType = sourcecode.cpp.cpp; path = zen_image_png.cpp; sourceTree = "<group>"; };
		8D52667F2393E234006145A5 /* README.txt */ = {isa = PBXFileReference; fileEncoding = 4; lastKnownFileType = text; path = README.txt; sourceTree = "<group>"; };
		8D5266812393E234006145A5 /* zen_image_jpg.h */ = {isa = PBXFileReference; fileEncoding = 4; lastKnownFileType = sourcecode.c.h; path = zen_image_jpg.h; sourceTree = "<group>"; };
		8D5266822393E234006145A5 /* zen_image_jpg.cpp */ = {isa = PBXFileReference; fileEncoding = 4; lastKnownFileType = sourcecode.cpp.cpp; path = zen_image_jpg.cpp; sourceTree = "<group>"; };
		8D5266832393E234006145A5 /* README.txt */ = {isa = PBXFileReference; fileEncoding = 4; lastKnownFileType = text; path = README.txt; sourceTree = "<group>"; };
		8D5266F823942F3A006145A5 /* zen_meta.h */ = {isa = PBXFileReference; fileEncoding = 4; lastKnownFileType = sourcecode.c.h; path = zen_meta.h; sourceTree = "<group>"; };
		8D5266F923942F3A006145A5 /* zen_log.h */ = {isa = PBXFileReference; fileEncoding = 4; lastKnownFileType = sourcecode.c.h; path = zen_log.h; sourceTree = "<group>"; };
		8D5266FA23942F3A006145A5 /* zen_endian.h */ = {isa = PBXFileReference; fileEncoding = 4; lastKnownFileType = sourcecode.c.h; path = zen_endian.h; sourceTree = "<group>"; };
		8D5266FB23942F3A006145A5 /* zen-int.h */ = {isa = PBXFileReference; fileEncoding = 4; lastKnownFileType = sourcecode.c.h; path = "zen-int.h"; sourceTree = "<group>"; };
		8D5266FC23942F3A006145A5 /* zen_object.h */ = {isa = PBXFileReference; fileEncoding = 4; lastKnownFileType = sourcecode.c.h; path = zen_object.h; sourceTree = "<group>"; };
		8D5266FD23942F3A006145A5 /* zen_os.h */ = {isa = PBXFileReference; fileEncoding = 4; lastKnownFileType = sourcecode.c.h; path = zen_os.h; sourceTree = "<group>"; };
		8D5266FE23942F3A006145A5 /* zen_exception.h */ = {isa = PBXFileReference; fileEncoding = 4; lastKnownFileType = sourcecode.c.h; path = zen_exception.h; sourceTree = "<group>"; };
		8D8BC1372391497C00B1DCD6 /* zena_image_convert */ = {isa = PBXFileReference; explicitFileType = "compiled.mach-o.executable"; includeInIndex = 0; path = zena_image_convert; sourceTree = BUILT_PRODUCTS_DIR; };
		8D8BC13A2391497C00B1DCD6 /* main.mm */ = {isa = PBXFileReference; lastKnownFileType = sourcecode.cpp.objcpp; path = main.mm; sourceTree = "<group>"; };
		8DEBCBF12394CCE000D4B395 /* zen_ticker.h */ = {isa = PBXFileReference; lastKnownFileType = sourcecode.c.h; path = zen_ticker.h; sourceTree = "<group>"; };
		8DEBCBFD23964C6C00D4B395 /* zen_poll.h */ = {isa = PBXFileReference; fileEncoding = 4; lastKnownFileType = sourcecode.c.h; path = zen_poll.h; sourceTree = "<group>"; };
		8DEBCBFE23964C6C00D4B395 /* zen_ip.h */ = {isa = PBXFileReference; fileEncoding = 4; lastKnownFileType = sourcecode.c.h; path = zen_ip.h; sourceTree = "<group>"; };
		8DEBCBFF23964C6C00D4B395 /* zen_net_define.h */ = {isa = PBXFileReference; fileEncoding = 4; lastKnownFileType = sourcecode.c.h; path = zen_net_define.h; sourceTree = "<group>"; };
		8DEBCC0023964C6C00D4B395 /* zen_poll.cpp */ = {isa = PBXFileReference; fileEncoding = 4; lastKnownFileType = sourcecode.cpp.cpp; path = zen_poll.cpp; sourceTree = "<group>"; };
		8DEBCC0123964C6C00D4B395 /* zen_net.h */ = {isa = PBXFileReference; fileEncoding = 4; lastKnownFileType = sourcecode.c.h; path = zen_net.h; sourceTree = "<group>"; };
		8DEBCC0223964C6C00D4B395 /* zen_socket.cpp */ = {isa = PBXFileReference; fileEncoding = 4; lastKnownFileType = sourcecode.cpp.cpp; path = zen_socket.cpp; sourceTree = "<group>"; };
		8DEBCC0423964C6C00D4B395 /* zen_socket.h */ = {isa = PBXFileReference; fileEncoding = 4; lastKnownFileType = sourcecode.c.h; path = zen_socket.h; sourceTree = "<group>"; };
/* End PBXFileReference section */

/* Begin PBXFrameworksBuildPhase section */
		8D8BC1342391497C00B1DCD6 /* Frameworks */ = {
			isa = PBXFrameworksBuildPhase;
			buildActionMask = 2147483647;
			files = (
				8D1987B52392379B00515178 /* libz.tbd in Frameworks */,
				8D19866D2392366400515178 /* jpeg.a in Frameworks */,
				8D19866C2392366400515178 /* png.a in Frameworks */,
			);
			runOnlyForDeploymentPostprocessing = 0;
		};
/* End PBXFrameworksBuildPhase section */

/* Begin PBXGroup section */
		8D198670239236B900515178 /* zen-system */ = {
			isa = PBXGroup;
			children = (
				8D198673239236B900515178 /* mac */,
				8D198752239236BA00515178 /* zen_system.h */,
			);
			name = "zen-system";
			path = "../../zen-system";
			sourceTree = "<group>";
		};
		8D198673239236B900515178 /* mac */ = {
			isa = PBXGroup;
			children = (
				8D198674239236B900515178 /* zen_system.mm */,
			);
			path = mac;
			sourceTree = "<group>";
		};
		8D198753239236BA00515178 /* zen-math */ = {
			isa = PBXGroup;
			children = (
				8DEBCBF12394CCE000D4B395 /* zen_ticker.h */,
				8D198754239236BA00515178 /* zen_fraction.h */,
				8D198755239236BA00515178 /* zen_matrix.h */,
				8D198757239236BA00515178 /* zen_bezier.h */,
				8D198758239236BA00515178 /* zen_numerical.h */,
				8D198759239236BA00515178 /* zen_quaternion.h */,
				8D19875A239236BA00515178 /* zen_random.h */,
				8D19875B239236BA00515178 /* zen_vector.h */,
			);
			name = "zen-math";
			path = "../../zen-math";
			sourceTree = "<group>";
		};
		8D198765239236BA00515178 /* zen-image */ = {
			isa = PBXGroup;
			children = (
				8D198767239236BA00515178 /* zen_image.h */,
				8D19876D239236BA00515178 /* zen_color.h */,
				8D19876E239236BA00515178 /* zen_image_raw.cpp */,
				8D19876F239236BA00515178 /* README.txt */,
				8D198770239236BA00515178 /* zen_image_raw.h */,
			);
			name = "zen-image";
			path = "../../zen-image";
			sourceTree = "<group>";
		};
		8D198779239236BA00515178 /* zen-string */ = {
			isa = PBXGroup;
			children = (
				8D19877A239236BA00515178 /* zen_utf8.h */,
				8D19877B239236BA00515178 /* zen_base64.h */,
				8D19877C239236BA00515178 /* zen_urlcoding.h */,
				8D19877D239236BA00515178 /* zen_cast.h */,
				8D19877E239236BA00515178 /* zen_localization.h */,
				8D19877F239236BA00515178 /* zen_csv.h */,
				8D198780239236BA00515178 /* zen_buffer.h */,
				8D198781239236BA00515178 /* zen_file.h */,
				8D198782239236BA00515178 /* zen_md5.cpp */,
				8D198783239236BA00515178 /* zen_urlcoding.cpp */,
				8D198784239236BA00515178 /* zen_md5.h */,
				8D198785239236BA00515178 /* zen_csv.cpp */,
				8D198786239236BA00515178 /* zen_base64.cpp */,
			);
			name = "zen-string";
			path = "../../zen-string";
			sourceTree = "<group>";
		};
		8D1987AB2392378000515178 /* third */ = {
			isa = PBXGroup;
			children = (
				8D5266802393E234006145A5 /* zen-jpg */,
				8D52667C2393E234006145A5 /* zen-png */,
			);
			name = third;
			path = ../../third;
			sourceTree = "<group>";
		};
		8D52667C2393E234006145A5 /* zen-png */ = {
			isa = PBXGroup;
			children = (
				8D52667D2393E234006145A5 /* zen_image_png.h */,
				8D52667E2393E234006145A5 /* zen_image_png.cpp */,
				8D52667F2393E234006145A5 /* README.txt */,
			);
			path = "zen-png";
			sourceTree = "<group>";
		};
		8D5266802393E234006145A5 /* zen-jpg */ = {
			isa = PBXGroup;
			children = (
				8D5266812393E234006145A5 /* zen_image_jpg.h */,
				8D5266822393E234006145A5 /* zen_image_jpg.cpp */,
				8D5266832393E234006145A5 /* README.txt */,
			);
			path = "zen-jpg";
			sourceTree = "<group>";
		};
		8D5266F723942F3A006145A5 /* zen-cpp */ = {
			isa = PBXGroup;
			children = (
				8D5266F823942F3A006145A5 /* zen_meta.h */,
				8D5266F923942F3A006145A5 /* zen_log.h */,
				8D5266FA23942F3A006145A5 /* zen_endian.h */,
				8D5266FB23942F3A006145A5 /* zen-int.h */,
				8D5266FC23942F3A006145A5 /* zen_object.h */,
				8D5266FD23942F3A006145A5 /* zen_os.h */,
				8D5266FE23942F3A006145A5 /* zen_exception.h */,
			);
			name = "zen-cpp";
			path = "../../zen-cpp";
			sourceTree = "<group>";
		};
		8D8BC12E2391497C00B1DCD6 = {
			isa = PBXGroup;
			children = (
				8DEBCBFC23964C6C00D4B395 /* zen-net */,
				8D5266F723942F3A006145A5 /* zen-cpp */,
				8D1987AB2392378000515178 /* third */,
				8D198765239236BA00515178 /* zen-image */,
				8D198753239236BA00515178 /* zen-math */,
				8D198779239236BA00515178 /* zen-string */,
				8D198670239236B900515178 /* zen-system */,
				8D8BC1392391497C00B1DCD6 /* zena_dev */,
				8D8BC1382391497C00B1DCD6 /* Products */,
				8D8BC15723916CA000B1DCD6 /* Frameworks */,
			);
			sourceTree = "<group>";
		};
		8D8BC1382391497C00B1DCD6 /* Products */ = {
			isa = PBXGroup;
			children = (
				8D8BC1372391497C00B1DCD6 /* zena_image_convert */,
			);
			name = Products;
			sourceTree = "<group>";
		};
		8D8BC1392391497C00B1DCD6 /* zena_dev */ = {
			isa = PBXGroup;
			children = (
				8D8BC13A2391497C00B1DCD6 /* main.mm */,
			);
			path = zena_dev;
			sourceTree = "<group>";
		};
		8D8BC15723916CA000B1DCD6 /* Frameworks */ = {
			isa = PBXGroup;
			children = (
				8D1987B42392379B00515178 /* libz.tbd */,
				8D19866B2392366400515178 /* jpeg.a */,
				8D19866A2392366400515178 /* png.a */,
			);
			name = Frameworks;
			sourceTree = "<group>";
		};
		8DEBCBFC23964C6C00D4B395 /* zen-net */ = {
			isa = PBXGroup;
			children = (
				8DEBCBFD23964C6C00D4B395 /* zen_poll.h */,
				8DEBCBFE23964C6C00D4B395 /* zen_ip.h */,
				8DEBCBFF23964C6C00D4B395 /* zen_net_define.h */,
				8DEBCC0023964C6C00D4B395 /* zen_poll.cpp */,
				8DEBCC0123964C6C00D4B395 /* zen_net.h */,
				8DEBCC0223964C6C00D4B395 /* zen_socket.cpp */,
				8DEBCC0423964C6C00D4B395 /* zen_socket.h */,
			);
			name = "zen-net";
			path = "../../zen-net";
			sourceTree = "<group>";
		};
/* End PBXGroup section */

/* Begin PBXNativeTarget section */
		8D8BC1362391497C00B1DCD6 /* zena_image_convert */ = {
			isa = PBXNativeTarget;
			buildConfigurationList = 8D8BC13E2391497C00B1DCD6 /* Build configuration list for PBXNativeTarget "zena_image_convert" */;
			buildPhases = (
				8D8BC1332391497C00B1DCD6 /* Sources */,
				8D8BC1342391497C00B1DCD6 /* Frameworks */,
				8D8BC1352391497C00B1DCD6 /* CopyFiles */,
				8DEBCBFA2394CEB100D4B395 /* Embed Libraries */,
			);
			buildRules = (
			);
			dependencies = (
			);
			name = zena_image_convert;
			productName = zena_dev;
			productReference = 8D8BC1372391497C00B1DCD6 /* zena_image_convert */;
			productType = "com.apple.product-type.tool";
		};
/* End PBXNativeTarget section */

/* Begin PBXProject section */
		8D8BC12F2391497C00B1DCD6 /* Project object */ = {
			isa = PBXProject;
			attributes = {
				LastUpgradeCheck = 1120;
				ORGANIZATIONNAME = lover;
				TargetAttributes = {
					8D8BC1362391497C00B1DCD6 = {
						CreatedOnToolsVersion = 11.2.1;
					};
				};
			};
			buildConfigurationList = 8D8BC1322391497C00B1DCD6 /* Build configuration list for PBXProject "zena_image_convert" */;
			compatibilityVersion = "Xcode 9.3";
			developmentRegion = en;
			hasScannedForEncodings = 0;
			knownRegions = (
				en,
				Base,
			);
			mainGroup = 8D8BC12E2391497C00B1DCD6;
			productRefGroup = 8D8BC1382391497C00B1DCD6 /* Products */;
			projectDirPath = "";
			projectRoot = "";
			targets = (
				8D8BC1362391497C00B1DCD6 /* zena_image_convert */,
			);
		};
/* End PBXProject section */

/* Begin PBXSourcesBuildPhase section */
		8D8BC1332391497C00B1DCD6 /* Sources */ = {
			isa = PBXSourcesBuildPhase;
			buildActionMask = 2147483647;
			files = (
				8D1987A2239236BA00515178 /* zen_base64.cpp in Sources */,
				8D1987A1239236BA00515178 /* zen_csv.cpp in Sources */,
				8D19879E239236BA00515178 /* zen_image_raw.cpp in Sources */,
				8D198788239236BA00515178 /* zen_system.mm in Sources */,
				8D5266842393E234006145A5 /* zen_image_png.cpp in Sources */,
				8D5266852393E234006145A5 /* zen_image_jpg.cpp in Sources */,
				8DEBCC0623964C6C00D4B395 /* zen_socket.cpp in Sources */,
				8D8BC13B2391497C00B1DCD6 /* main.mm in Sources */,
				8D19879F239236BA00515178 /* zen_md5.cpp in Sources */,
				8DEBCC0523964C6C00D4B395 /* zen_poll.cpp in Sources */,
				8D1987A0239236BA00515178 /* zen_urlcoding.cpp in Sources */,
			);
			runOnlyForDeploymentPostprocessing = 0;
		};
/* End PBXSourcesBuildPhase section */

/* Begin XCBuildConfiguration section */
		8D8BC13C2391497C00B1DCD6 /* Debug */ = {
			isa = XCBuildConfiguration;
			buildSettings = {
				ALWAYS_SEARCH_USER_PATHS = NO;
				CLANG_ANALYZER_NONNULL = YES;
				CLANG_ANALYZER_NUMBER_OBJECT_CONVERSION = YES_AGGRESSIVE;
				CLANG_CXX_LANGUAGE_STANDARD = "gnu++14";
				CLANG_CXX_LIBRARY = "libc++";
				CLANG_ENABLE_MODULES = YES;
				CLANG_ENABLE_OBJC_ARC = YES;
				CLANG_ENABLE_OBJC_WEAK = YES;
				CLANG_WARN_BLOCK_CAPTURE_AUTORELEASING = YES;
				CLANG_WARN_BOOL_CONVERSION = YES;
				CLANG_WARN_COMMA = YES;
				CLANG_WARN_CONSTANT_CONVERSION = YES;
				CLANG_WARN_DEPRECATED_OBJC_IMPLEMENTATIONS = YES;
				CLANG_WARN_DIRECT_OBJC_ISA_USAGE = YES_ERROR;
				CLANG_WARN_DOCUMENTATION_COMMENTS = YES;
				CLANG_WARN_EMPTY_BODY = YES;
				CLANG_WARN_ENUM_CONVERSION = YES;
				CLANG_WARN_INFINITE_RECURSION = YES;
				CLANG_WARN_INT_CONVERSION = YES;
				CLANG_WARN_NON_LITERAL_NULL_CONVERSION = YES;
				CLANG_WARN_OBJC_IMPLICIT_RETAIN_SELF = YES;
				CLANG_WARN_OBJC_LITERAL_CONVERSION = YES;
				CLANG_WARN_OBJC_ROOT_CLASS = YES_ERROR;
				CLANG_WARN_RANGE_LOOP_ANALYSIS = YES;
				CLANG_WARN_STRICT_PROTOTYPES = YES;
				CLANG_WARN_SUSPICIOUS_MOVE = YES;
				CLANG_WARN_UNGUARDED_AVAILABILITY = YES_AGGRESSIVE;
				CLANG_WARN_UNREACHABLE_CODE = YES;
				CLANG_WARN__DUPLICATE_METHOD_MATCH = YES;
				COPY_PHASE_STRIP = NO;
				DEBUG_INFORMATION_FORMAT = dwarf;
				ENABLE_STRICT_OBJC_MSGSEND = YES;
				ENABLE_TESTABILITY = YES;
				GCC_C_LANGUAGE_STANDARD = gnu11;
				GCC_DYNAMIC_NO_PIC = NO;
				GCC_NO_COMMON_BLOCKS = YES;
				GCC_OPTIMIZATION_LEVEL = 0;
				GCC_PREPROCESSOR_DEFINITIONS = (
					"DEBUG=1",
					"$(inherited)",
				);
				GCC_WARN_64_TO_32_BIT_CONVERSION = YES;
				GCC_WARN_ABOUT_RETURN_TYPE = YES_ERROR;
				GCC_WARN_UNDECLARED_SELECTOR = YES;
				GCC_WARN_UNINITIALIZED_AUTOS = YES_AGGRESSIVE;
				GCC_WARN_UNUSED_FUNCTION = YES;
				GCC_WARN_UNUSED_VARIABLE = YES;
				MACOSX_DEPLOYMENT_TARGET = 10.15;
				MTL_ENABLE_DEBUG_INFO = INCLUDE_SOURCE;
				MTL_FAST_MATH = YES;
				ONLY_ACTIVE_ARCH = YES;
				SDKROOT = macosx;
			};
			name = Debug;
		};
		8D8BC13D2391497C00B1DCD6 /* Release */ = {
			isa = XCBuildConfiguration;
			buildSettings = {
				ALWAYS_SEARCH_USER_PATHS = NO;
				CLANG_ANALYZER_NONNULL = YES;
				CLANG_ANALYZER_NUMBER_OBJECT_CONVERSION = YES_AGGRESSIVE;
				CLANG_CXX_LANGUAGE_STANDARD = "gnu++14";
				CLANG_CXX_LIBRARY = "libc++";
				CLANG_ENABLE_MODULES = YES;
				CLANG_ENABLE_OBJC_ARC = YES;
				CLANG_ENABLE_OBJC_WEAK = YES;
				CLANG_WARN_BLOCK_CAPTURE_AUTORELEASING = YES;
				CLANG_WARN_BOOL_CONVERSION = YES;
				CLANG_WARN_COMMA = YES;
				CLANG_WARN_CONSTANT_CONVERSION = YES;
				CLANG_WARN_DEPRECATED_OBJC_IMPLEMENTATIONS = YES;
				CLANG_WARN_DIRECT_OBJC_ISA_USAGE = YES_ERROR;
				CLANG_WARN_DOCUMENTATION_COMMENTS = YES;
				CLANG_WARN_EMPTY_BODY = YES;
				CLANG_WARN_ENUM_CONVERSION = YES;
				CLANG_WARN_INFINITE_RECURSION = YES;
				CLANG_WARN_INT_CONVERSION = YES;
				CLANG_WARN_NON_LITERAL_NULL_CONVERSION = YES;
				CLANG_WARN_OBJC_IMPLICIT_RETAIN_SELF = YES;
				CLANG_WARN_OBJC_LITERAL_CONVERSION = YES;
				CLANG_WARN_OBJC_ROOT_CLASS = YES_ERROR;
				CLANG_WARN_RANGE_LOOP_ANALYSIS = YES;
				CLANG_WARN_STRICT_PROTOTYPES = YES;
				CLANG_WARN_SUSPICIOUS_MOVE = YES;
				CLANG_WARN_UNGUARDED_AVAILABILITY = YES_AGGRESSIVE;
				CLANG_WARN_UNREACHABLE_CODE = YES;
				CLANG_WARN__DUPLICATE_METHOD_MATCH = YES;
				COPY_PHASE_STRIP = NO;
				DEBUG_INFORMATION_FORMAT = "dwarf-with-dsym";
				ENABLE_NS_ASSERTIONS = NO;
				ENABLE_STRICT_OBJC_MSGSEND = YES;
				GCC_C_LANGUAGE_STANDARD = gnu11;
				GCC_NO_COMMON_BLOCKS = YES;
				GCC_WARN_64_TO_32_BIT_CONVERSION = YES;
				GCC_WARN_ABOUT_RETURN_TYPE = YES_ERROR;
				GCC_WARN_UNDECLARED_SELECTOR = YES;
				GCC_WARN_UNINITIALIZED_AUTOS = YES_AGGRESSIVE;
				GCC_WARN_UNUSED_FUNCTION = YES;
				GCC_WARN_UNUSED_VARIABLE = YES;
				MACOSX_DEPLOYMENT_TARGET = 10.15;
				MTL_ENABLE_DEBUG_INFO = NO;
				MTL_FAST_MATH = YES;
				SDKROOT = macosx;
			};
			name = Release;
		};
		8D8BC13F2391497C00B1DCD6 /* Debug */ = {
			isa = XCBuildConfiguration;
			buildSettings = {
				CODE_SIGN_STYLE = Automatic;
				FRAMEWORK_SEARCH_PATHS = "\"$(SRCROOT)/../../../../../.bin/mysql8/lib\"";
				HEADER_SEARCH_PATHS = (
					"\"$(SRCROOT)/../../../../sources/mac-library/include/freetype2\"",
					"\"$(SRCROOT)/../../../../../.bin/mysql8/include\"",
				);
				LD_RUNPATH_SEARCH_PATHS = "\"$(SRCROOT)/../../../../../.bin/mysql8/lib\"";
				LIBRARY_SEARCH_PATHS = "\"$(SRCROOT)/../../../../../.bin/mysql8/lib\"";
				PRODUCT_NAME = "$(TARGET_NAME)";
				SYSTEM_FRAMEWORK_SEARCH_PATHS = "";
				USER_HEADER_SEARCH_PATHS = (
					"\"$(SRCROOT)/../../\"",
					"\"$(SRCROOT)/../../zen-audio\"",
					"\"$(SRCROOT)/../../zen-core\"",
					"\"$(SRCROOT)/../../zen-math\"",
					"\"$(SRCROOT)/../../zen-string\"",
					"\"$(SRCROOT)/../../third/zen-al\"",
					"\"$(SRCROOT)/../../third/zen-mysql\"",
					"\"$(SRCROOT)/../../zen-system\"",
					"\"$(SRCROOT)/../../zen-image\"",
					"\"$(SRCROOT)/../../../../sources/mac-library/include\"",
					"\"$(SRCROOT)/../../../../sources/mac-library/include/freetype2\"",
				);
				WARNING_CFLAGS = "-Wno-deprecated-declarations";
			};
			name = Debug;
		};
		8D8BC1402391497C00B1DCD6 /* Release */ = {
			isa = XCBuildConfiguration;
			buildSettings = {
				CODE_SIGN_STYLE = Automatic;
				FRAMEWORK_SEARCH_PATHS = "\"$(SRCROOT)/../../../../../.bin/mysql8/lib\"";
				HEADER_SEARCH_PATHS = (
					"\"$(SRCROOT)/../../../../sources/mac-library/include/freetype2\"",
					"\"$(SRCROOT)/../../../../../.bin/mysql8/include\"",
				);
				LD_RUNPATH_SEARCH_PATHS = "\"$(SRCROOT)/../../../../../.bin/mysql8/lib\"";
				LIBRARY_SEARCH_PATHS = "\"$(SRCROOT)/../../../../../.bin/mysql8/lib\"";
				PRODUCT_NAME = "$(TARGET_NAME)";
				SYSTEM_FRAMEWORK_SEARCH_PATHS = "";
				USER_HEADER_SEARCH_PATHS = (
					"\"$(SRCROOT)/../../\"",
					"\"$(SRCROOT)/../../zen-audio\"",
					"\"$(SRCROOT)/../../zen-core\"",
					"\"$(SRCROOT)/../../zen-math\"",
					"\"$(SRCROOT)/../../zen-string\"",
					"\"$(SRCROOT)/../../third/zen-al\"",
					"\"$(SRCROOT)/../../third/zen-mysql\"",
					"\"$(SRCROOT)/../../zen-system\"",
					"\"$(SRCROOT)/../../zen-image\"",
					"\"$(SRCROOT)/../../../../sources/mac-library/include\"",
					"\"$(SRCROOT)/../../../../sources/mac-library/include/freetype2\"",
				);
				WARNING_CFLAGS = "-Wno-deprecated-declarations";
			};
			name = Release;
		};
/* End XCBuildConfiguration section */

/* Begin XCConfigurationList section */
		8D8BC1322391497C00B1DCD6 /* Build configuration list for PBXProject "zena_image_convert" */ = {
			isa = XCConfigurationList;
			buildConfigurations = (
				8D8BC13C2391497C00B1DCD6 /* Debug */,
				8D8BC13D2391497C00B1DCD6 /* Release */,
			);
			defaultConfigurationIsVisible = 0;
			defaultConfigurationName = Release;
		};
		8D8BC13E2391497C00B1DCD6 /* Build configuration list for PBXNativeTarget "zena_image_convert" */ = {
			isa = XCConfigurationList;
			buildConfigurations = (
				8D8BC13F2391497C00B1DCD6 /* Debug */,
				8D8BC1402391497C00B1DCD6 /* Release */,
			);
			defaultConfigurationIsVisible = 0;
			defaultConfigurationName = Release;
		};
/* End XCConfigurationList section */
	};
	rootObject = 8D8BC12F2391497C00B1DCD6 /* Project object */;
}
